
Microsoft Visual Studio Solution File, Format Version 12.00
# Visual Studio Version 17
VisualStudioVersion = 17.4.33110.190
MinimumVisualStudioVersion = 10.0.40219.1
Project("{8BC9CEB8-8B4A-11D0-8D11-00A0C91BC942}") = "smartHome", "smartHome.vcxproj", "{C5F80730-F44F-4478-BDAE-6634EFC2CA88}"
EndProject
Project("{8BC9CEB8-8B4A-11D0-8D11-00A0C91BC942}") = "ModuleOutside01_V01", "..\ModuleOutside01_V01\ModuleOutside01_V01.vcxproj", "{4A6B4601-C003-4C3F-A948-952F0E027244}"
EndProject
Global
	GlobalSection(SolutionConfigurationPlatforms) = preSolution
		Debug|x64 = Debug|x64
		Debug|x86 = Debug|x86
		Release|x64 = Release|x64
		Release|x86 = Release|x86
	EndGlobalSection
	GlobalSection(ProjectConfigurationPlatforms) = postSolution
		{C5F80730-F44F-4478-BDAE-6634EFC2CA88}.Debug|x64.ActiveCfg = Debug|Win32
		{C5F80730-F44F-4478-BDAE-6634EFC2CA88}.Debug|x64.Build.0 = Debug|Win32
		{C5F80730-F44F-4478-BDAE-6634EFC2CA88}.Debug|x86.ActiveCfg = Debug|Win32
		{C5F80730-F44F-4478-BDAE-6634EFC2CA88}.Debug|x86.Build.0 = Debug|Win32
		{C5F80730-F44F-4478-BDAE-6634EFC2CA88}.Release|x64.ActiveCfg = Release|Win32
		{C5F80730-F44F-4478-BDAE-6634EFC2CA88}.Release|x86.ActiveCfg = Release|Win32
		{4A6B4601-C003-4C3F-A948-952F0E027244}.Debug|x64.ActiveCfg = Debug|Win32
		{4A6B4601-C003-4C3F-A948-952F0E027244}.Debug|x64.Build.0 = Debug|Win32
		{4A6B4601-C003-4C3F-A948-952F0E027244}.Debug|x86.ActiveCfg = Debug|Win32
		{4A6B4601-C003-4C3F-A948-952F0E027244}.Debug|x86.Build.0 = Debug|Win32
		{4A6B4601-C003-4C3F-A948-952F0E027244}.Release|x64.ActiveCfg = Release|Win32
		{4A6B4601-C003-4C3F-A948-952F0E027244}.Release|x64.Build.0 = Release|Win32
		{4A6B4601-C003-4C3F-A948-952F0E027244}.Release|x86.ActiveCfg = Release|Win32
		{4A6B4601-C003-4C3F-A948-952F0E027244}.Release|x86.Build.0 = Release|Win32
	EndGlobalSection
	GlobalSection(SolutionProperties) = preSolution
		HideSolutionNode = FALSE
	EndGlobalSection
	GlobalSection(ExtensibilityGlobals) = postSolution
		SolutionGuid = {1CAB9244-B78B-4980-9CBB-63FF2A43237A}
	EndGlobalSection
EndGlobal
